{
  "nodes": {
    "nixos-hardware": {
      "locked": {
        "lastModified": 1600019032,
        "narHash": "sha256-o/PxAWx2O85NyQRDuhZ5QbAACA5yyglmA7hN9GSI27g=",
        "owner": "NixOS",
        "repo": "nixos-hardware",
        "rev": "684eaddf74109b2bedb8b585a25714eb9ea5c54e",
        "type": "github"
      },
      "original": {
        "owner": "NixOS",
        "repo": "nixos-hardware",
        "type": "github"
      }
    },
    "nixpkgs": {
      "locked": {
        "lastModified": 1608560866,
        "narHash": "sha256-pUEPHLXHOeFdpyw3TENsRiSyMrFGrBTAgTInv7IeFqo=",
        "owner": "NixOS",
        "repo": "nixpkgs",
        "rev": "a3a3dda3bacf61e8a39258a0ed9c924eeca8e293",
        "type": "github"
      },
      "original": {
        "owner": "NixOS",
        "ref": "nixos-20.09",
        "repo": "nixpkgs",
        "type": "github"
      }
    },
    "nixpkgs_2": {
      "locked": {
        "lastModified": 1607560137,
        "narHash": "sha256-qI5U28r9Ie11OlkwzNFkhW0Z4jLanntJdb3JeFq/85A=",
        "owner": "NixOS",
        "repo": "nixpkgs",
        "rev": "7ff5e241a2b96fff7912b7d793a06b4374bd846c",
        "type": "github"
      },
      "original": {
        "id": "nixpkgs",
        "rev": "7ff5e241a2b96fff7912b7d793a06b4374bd846c",
        "type": "indirect"
      }
    },
    "onlyoffice": {
      "inputs": {
        "nixpkgs": "nixpkgs_2"
      },
      "locked": {
        "lastModified": 1609449972,
        "narHash": "sha256-xLZ11F/VmwuRJfh1jZnCVPJOi8cLLHGIgDfZ6tArgl4=",
        "owner": "GTrunSec",
        "repo": "onlyoffice-desktopeditors-flake",
        "rev": "6a404e6916a39e8b51211d64c438a3b25d139013",
        "type": "github"
      },
      "original": {
        "owner": "GTrunSec",
        "repo": "onlyoffice-desktopeditors-flake",
        "type": "github"
      }
    },
    "root": {
      "inputs": {
        "nixos-hardware": "nixos-hardware",
        "nixpkgs": "nixpkgs",
        "onlyoffice": "onlyoffice"
      }
    }
  },
  "root": "root",
  "version": 7
}
