{
  "nodes": {
    "nixpkgs": {
      "locked": {
        "lastModified": 1654807735,
        "narHash": "sha256-IiOjbptu1s07HTuyv2ONLrw/DcIUg3nX9MO1uEiUmP0=",
        "owner": "NixOS",
        "repo": "nixpkgs",
        "rev": "a7f0b0832f9da86d25089ea2b4cacdea64072d7f",
        "type": "github"
      },
      "original": {
        "owner": "NixOS",
        "ref": "nixos-21.11",
        "repo": "nixpkgs",
        "type": "github"
      }
    },
    "root": {
      "inputs": {
        "nixpkgs": "nixpkgs"
      }
    }
  },
  "root": "root",
  "version": 7
}
